// !$*UTF8*$!
{
	archiveVersion = 1;
	classes = {
	};
	objectVersion = 56;
	objects = {

/* Begin PBXBuildFile section */
		F62FB3AD29548E6F003CA7DB /* AppDelegate.swift in Sources */ = {isa = PBXBuildFile; fileRef = F62FB3AC29548E6F003CA7DB /* AppDelegate.swift */; };
		F62FB3B129548E6F003CA7DB /* ToDoListViewController.swift in Sources */ = {isa = PBXBuildFile; fileRef = F62FB3B029548E6F003CA7DB /* ToDoListViewController.swift */; };
		F62FB3B729548E6F003CA7DB /* ToDoList.xcdatamodeld in Sources */ = {isa = PBXBuildFile; fileRef = F62FB3B529548E6F003CA7DB /* ToDoList.xcdatamodeld */; };
		F62FB3B929548E6F003CA7DB /* Assets.xcassets in Resources */ = {isa = PBXBuildFile; fileRef = F62FB3B829548E6F003CA7DB /* Assets.xcassets */; };
		F62FB3BC29548E6F003CA7DB /* LaunchScreen.storyboard in Resources */ = {isa = PBXBuildFile; fileRef = F62FB3BA29548E6F003CA7DB /* LaunchScreen.storyboard */; };
		F62FB3C92958D130003CA7DB /* ListCell.swift in Sources */ = {isa = PBXBuildFile; fileRef = F62FB3C82958D130003CA7DB /* ListCell.swift */; };
		F62FB3CC2958D1A7003CA7DB /* ViewValues.swift in Sources */ = {isa = PBXBuildFile; fileRef = F62FB3CB2958D1A7003CA7DB /* ViewValues.swift */; };
		F62FB3D22958E5F2003CA7DB /* ToDoListItem+CoreDataClass.swift in Sources */ = {isa = PBXBuildFile; fileRef = F62FB3D02958E5F2003CA7DB /* ToDoListItem+CoreDataClass.swift */; };
		F62FB3D32958E5F2003CA7DB /* ToDoListItem+CoreDataProperties.swift in Sources */ = {isa = PBXBuildFile; fileRef = F62FB3D12958E5F2003CA7DB /* ToDoListItem+CoreDataProperties.swift */; };
		F67FD386296344FB00FD4C15 /* TodoDetailViewController.swift in Sources */ = {isa = PBXBuildFile; fileRef = F67FD385296344FB00FD4C15 /* TodoDetailViewController.swift */; };
		F67FD389296345DF00FD4C15 /* TodoDetail.swift in Sources */ = {isa = PBXBuildFile; fileRef = F67FD388296345DF00FD4C15 /* TodoDetail.swift */; };
/* End PBXBuildFile section */

/* Begin PBXFileReference section */
		F62FB3A929548E6F003CA7DB /* ToDoList.app */ = {isa = PBXFileReference; explicitFileType = wrapper.application; includeInIndex = 0; path = ToDoList.app; sourceTree = BUILT_PRODUCTS_DIR; };
		F62FB3AC29548E6F003CA7DB /* AppDelegate.swift */ = {isa = PBXFileReference; lastKnownFileType = sourcecode.swift; path = AppDelegate.swift; sourceTree = "<group>"; };
		F62FB3B029548E6F003CA7DB /* ToDoListViewController.swift */ = {isa = PBXFileReference; lastKnownFileType = sourcecode.swift; path = ToDoListViewController.swift; sourceTree = "<group>"; };
		F62FB3B629548E6F003CA7DB /* ToDoList.xcdatamodel */ = {isa = PBXFileReference; lastKnownFileType = wrapper.xcdatamodel; path = ToDoList.xcdatamodel; sourceTree = "<group>"; };
		F62FB3B829548E6F003CA7DB /* Assets.xcassets */ = {isa = PBXFileReference; lastKnownFileType = folder.assetcatalog; path = Assets.xcassets; sourceTree = "<group>"; };
		F62FB3BB29548E6F003CA7DB /* Base */ = {isa = PBXFileReference; lastKnownFileType = file.storyboard; name = Base; path = Base.lproj/LaunchScreen.storyboard; sourceTree = "<group>"; };
		F62FB3BD29548E6F003CA7DB /* Info.plist */ = {isa = PBXFileReference; lastKnownFileType = text.plist.xml; path = Info.plist; sourceTree = "<group>"; };
		F62FB3C82958D130003CA7DB /* ListCell.swift */ = {isa = PBXFileReference; lastKnownFileType = sourcecode.swift; path = ListCell.swift; sourceTree = "<group>"; };
		F62FB3CB2958D1A7003CA7DB /* ViewValues.swift */ = {isa = PBXFileReference; lastKnownFileType = sourcecode.swift; path = ViewValues.swift; sourceTree = "<group>"; };
		F62FB3D02958E5F2003CA7DB /* ToDoListItem+CoreDataClass.swift */ = {isa = PBXFileReference; lastKnownFileType = sourcecode.swift; path = "ToDoListItem+CoreDataClass.swift"; sourceTree = "<group>"; };
		F62FB3D12958E5F2003CA7DB /* ToDoListItem+CoreDataProperties.swift */ = {isa = PBXFileReference; lastKnownFileType = sourcecode.swift; path = "ToDoListItem+CoreDataProperties.swift"; sourceTree = "<group>"; };
		F67FD385296344FB00FD4C15 /* TodoDetailViewController.swift */ = {isa = PBXFileReference; lastKnownFileType = sourcecode.swift; path = TodoDetailViewController.swift; sourceTree = "<group>"; };
		F67FD388296345DF00FD4C15 /* TodoDetail.swift */ = {isa = PBXFileReference; lastKnownFileType = sourcecode.swift; path = TodoDetail.swift; sourceTree = "<group>"; };
/* End PBXFileReference section */

/* Begin PBXFrameworksBuildPhase section */
		F62FB3A629548E6F003CA7DB /* Frameworks */ = {
			isa = PBXFrameworksBuildPhase;
			buildActionMask = 2147483647;
			files = (
			);
			runOnlyForDeploymentPostprocessing = 0;
		};
/* End PBXFrameworksBuildPhase section */

/* Begin PBXGroup section */
		F62FB3A029548E6F003CA7DB = {
			isa = PBXGroup;
			children = (
				F62FB3AB29548E6F003CA7DB /* ToDoList */,
				F62FB3AA29548E6F003CA7DB /* Products */,
			);
			sourceTree = "<group>";
		};
		F62FB3AA29548E6F003CA7DB /* Products */ = {
			isa = PBXGroup;
			children = (
				F62FB3A929548E6F003CA7DB /* ToDoList.app */,
			);
			name = Products;
			sourceTree = "<group>";
		};
		F62FB3AB29548E6F003CA7DB /* ToDoList */ = {
			isa = PBXGroup;
			children = (
				F62FB3CF2958E577003CA7DB /* ToDoListItems */,
				F62FB3CA2958D190003CA7DB /* Utils */,
				F67FD3842963432300FD4C15 /* Views */,
				F67FD387296345A400FD4C15 /* Controllers */,
				F62FB3AC29548E6F003CA7DB /* AppDelegate.swift */,
				F62FB3B829548E6F003CA7DB /* Assets.xcassets */,
				F62FB3BA29548E6F003CA7DB /* LaunchScreen.storyboard */,
				F62FB3BD29548E6F003CA7DB /* Info.plist */,
				F62FB3B529548E6F003CA7DB /* ToDoList.xcdatamodeld */,
			);
			path = ToDoList;
			sourceTree = "<group>";
		};
		F62FB3CA2958D190003CA7DB /* Utils */ = {
			isa = PBXGroup;
			children = (
				F62FB3CB2958D1A7003CA7DB /* ViewValues.swift */,
			);
			path = Utils;
			sourceTree = "<group>";
		};
		F62FB3CF2958E577003CA7DB /* ToDoListItems */ = {
			isa = PBXGroup;
			children = (
				F62FB3D02958E5F2003CA7DB /* ToDoListItem+CoreDataClass.swift */,
				F62FB3D12958E5F2003CA7DB /* ToDoListItem+CoreDataProperties.swift */,
			);
			path = ToDoListItems;
			sourceTree = "<group>";
		};
		F67FD3842963432300FD4C15 /* Views */ = {
			isa = PBXGroup;
			children = (
				F62FB3C82958D130003CA7DB /* ListCell.swift */,
				F67FD388296345DF00FD4C15 /* TodoDetail.swift */,
			);
			path = Views;
			sourceTree = "<group>";
		};
		F67FD387296345A400FD4C15 /* Controllers */ = {
			isa = PBXGroup;
			children = (
				F62FB3B029548E6F003CA7DB /* ToDoListViewController.swift */,
				F67FD385296344FB00FD4C15 /* TodoDetailViewController.swift */,
			);
			path = Controllers;
			sourceTree = "<group>";
		};
/* End PBXGroup section */

/* Begin PBXNativeTarget section */
		F62FB3A829548E6F003CA7DB /* ToDoList */ = {
			isa = PBXNativeTarget;
			buildConfigurationList = F62FB3C029548E6F003CA7DB /* Build configuration list for PBXNativeTarget "ToDoList" */;
			buildPhases = (
				F62FB3A529548E6F003CA7DB /* Sources */,
				F62FB3A629548E6F003CA7DB /* Frameworks */,
				F62FB3A729548E6F003CA7DB /* Resources */,
			);
			buildRules = (
			);
			dependencies = (
			);
			name = ToDoList;
			productName = ToDoList;
			productReference = F62FB3A929548E6F003CA7DB /* ToDoList.app */;
			productType = "com.apple.product-type.application";
		};
/* End PBXNativeTarget section */

/* Begin PBXProject section */
		F62FB3A129548E6F003CA7DB /* Project object */ = {
			isa = PBXProject;
			attributes = {
				BuildIndependentTargetsInParallel = 1;
				LastSwiftUpdateCheck = 1410;
				LastUpgradeCheck = 1410;
				TargetAttributes = {
					F62FB3A829548E6F003CA7DB = {
						CreatedOnToolsVersion = 14.1;
					};
				};
			};
			buildConfigurationList = F62FB3A429548E6F003CA7DB /* Build configuration list for PBXProject "ToDoList" */;
			compatibilityVersion = "Xcode 14.0";
			developmentRegion = en;
			hasScannedForEncodings = 0;
			knownRegions = (
				en,
				Base,
			);
			mainGroup = F62FB3A029548E6F003CA7DB;
			productRefGroup = F62FB3AA29548E6F003CA7DB /* Products */;
			projectDirPath = "";
			projectRoot = "";
			targets = (
				F62FB3A829548E6F003CA7DB /* ToDoList */,
			);
		};
/* End PBXProject section */

/* Begin PBXResourcesBuildPhase section */
		F62FB3A729548E6F003CA7DB /* Resources */ = {
			isa = PBXResourcesBuildPhase;
			buildActionMask = 2147483647;
			files = (
				F62FB3BC29548E6F003CA7DB /* LaunchScreen.storyboard in Resources */,
				F62FB3B929548E6F003CA7DB /* Assets.xcassets in Resources */,
			);
			runOnlyForDeploymentPostprocessing = 0;
		};
/* End PBXResourcesBuildPhase section */

/* Begin PBXSourcesBuildPhase section */
		F62FB3A529548E6F003CA7DB /* Sources */ = {
			isa = PBXSourcesBuildPhase;
			buildActionMask = 2147483647;
			files = (
				F62FB3CC2958D1A7003CA7DB /* ViewValues.swift in Sources */,
				F62FB3B129548E6F003CA7DB /* ToDoListViewController.swift in Sources */,
				F62FB3D22958E5F2003CA7DB /* ToDoListItem+CoreDataClass.swift in Sources */,
				F62FB3AD29548E6F003CA7DB /* AppDelegate.swift in Sources */,
				F62FB3C92958D130003CA7DB /* ListCell.swift in Sources */,
				F62FB3D32958E5F2003CA7DB /* ToDoListItem+CoreDataProperties.swift in Sources */,
				F67FD389296345DF00FD4C15 /* TodoDetail.swift in Sources */,
				F62FB3B729548E6F003CA7DB /* ToDoList.xcdatamodeld in Sources */,
				F67FD386296344FB00FD4C15 /* TodoDetailViewController.swift in Sources */,
			);
			runOnlyForDeploymentPostprocessing = 0;
		};
/* End PBXSourcesBuildPhase section */

/* Begin PBXVariantGroup section */
		F62FB3BA29548E6F003CA7DB /* LaunchScreen.storyboard */ = {
			isa = PBXVariantGroup;
			children = (
				F62FB3BB29548E6F003CA7DB /* Base */,
			);
			name = LaunchScreen.storyboard;
			sourceTree = "<group>";
		};
/* End PBXVariantGroup section */

/* Begin XCBuildConfiguration section */
		F62FB3BE29548E6F003CA7DB /* Debug */ = {
			isa = XCBuildConfiguration;
			buildSettings = {
				ALWAYS_SEARCH_USER_PATHS = NO;
				CLANG_ANALYZER_NONNULL = YES;
				CLANG_ANALYZER_NUMBER_OBJECT_CONVERSION = YES_AGGRESSIVE;
				CLANG_CXX_LANGUAGE_STANDARD = "gnu++20";
				CLANG_ENABLE_MODULES = YES;
				CLANG_ENABLE_OBJC_ARC = YES;
				CLANG_ENABLE_OBJC_WEAK = YES;
				CLANG_WARN_BLOCK_CAPTURE_AUTORELEASING = YES;
				CLANG_WARN_BOOL_CONVERSION = YES;
				CLANG_WARN_COMMA = YES;
				CLANG_WARN_CONSTANT_CONVERSION = YES;
				CLANG_WARN_DEPRECATED_OBJC_IMPLEMENTATIONS = YES;
				CLANG_WARN_DIRECT_OBJC_ISA_USAGE = YES_ERROR;
				CLANG_WARN_DOCUMENTATION_COMMENTS = YES;
				CLANG_WARN_EMPTY_BODY = YES;
				CLANG_WARN_ENUM_CONVERSION = YES;
				CLANG_WARN_INFINITE_RECURSION = YES;
				CLANG_WARN_INT_CONVERSION = YES;
				CLANG_WARN_NON_LITERAL_NULL_CONVERSION = YES;
				CLANG_WARN_OBJC_IMPLICIT_RETAIN_SELF = YES;
				CLANG_WARN_OBJC_LITERAL_CONVERSION = YES;
				CLANG_WARN_OBJC_ROOT_CLASS = YES_ERROR;
				CLANG_WARN_QUOTED_INCLUDE_IN_FRAMEWORK_HEADER = YES;
				CLANG_WARN_RANGE_LOOP_ANALYSIS = YES;
				CLANG_WARN_STRICT_PROTOTYPES = YES;
				CLANG_WARN_SUSPICIOUS_MOVE = YES;
				CLANG_WARN_UNGUARDED_AVAILABILITY = YES_AGGRESSIVE;
				CLANG_WARN_UNREACHABLE_CODE = YES;
				CLANG_WARN__DUPLICATE_METHOD_MATCH = YES;
				COPY_PHASE_STRIP = NO;
				DEBUG_INFORMATION_FORMAT = dwarf;
				ENABLE_STRICT_OBJC_MSGSEND = YES;
				ENABLE_TESTABILITY = YES;
				GCC_C_LANGUAGE_STANDARD = gnu11;
				GCC_DYNAMIC_NO_PIC = NO;
				GCC_NO_COMMON_BLOCKS = YES;
				GCC_OPTIMIZATION_LEVEL = 0;
				GCC_PREPROCESSOR_DEFINITIONS = (
					"DEBUG=1",
					"$(inherited)",
				);
				GCC_WARN_64_TO_32_BIT_CONVERSION = YES;
				GCC_WARN_ABOUT_RETURN_TYPE = YES_ERROR;
				GCC_WARN_UNDECLARED_SELECTOR = YES;
				GCC_WARN_UNINITIALIZED_AUTOS = YES_AGGRESSIVE;
				GCC_WARN_UNUSED_FUNCTION = YES;
				GCC_WARN_UNUSED_VARIABLE = YES;
				IPHONEOS_DEPLOYMENT_TARGET = 16.1;
				MTL_ENABLE_DEBUG_INFO = INCLUDE_SOURCE;
				MTL_FAST_MATH = YES;
				ONLY_ACTIVE_ARCH = YES;
				SDKROOT = iphoneos;
				SWIFT_ACTIVE_COMPILATION_CONDITIONS = DEBUG;
				SWIFT_OPTIMIZATION_LEVEL = "-Onone";
			};
			name = Debug;
		};
		F62FB3BF29548E6F003CA7DB /* Release */ = {
			isa = XCBuildConfiguration;
			buildSettings = {
				ALWAYS_SEARCH_USER_PATHS = NO;
				CLANG_ANALYZER_NONNULL = YES;
				CLANG_ANALYZER_NUMBER_OBJECT_CONVERSION = YES_AGGRESSIVE;
				CLANG_CXX_LANGUAGE_STANDARD = "gnu++20";
				CLANG_ENABLE_MODULES = YES;
				CLANG_ENABLE_OBJC_ARC = YES;
				CLANG_ENABLE_OBJC_WEAK = YES;
				CLANG_WARN_BLOCK_CAPTURE_AUTORELEASING = YES;
				CLANG_WARN_BOOL_CONVERSION = YES;
				CLANG_WARN_COMMA = YES;
				CLANG_WARN_CONSTANT_CONVERSION = YES;
				CLANG_WARN_DEPRECATED_OBJC_IMPLEMENTATIONS = YES;
				CLANG_WARN_DIRECT_OBJC_ISA_USAGE = YES_ERROR;
				CLANG_WARN_DOCUMENTATION_COMMENTS = YES;
				CLANG_WARN_EMPTY_BODY = YES;
				CLANG_WARN_ENUM_CONVERSION = YES;
				CLANG_WARN_INFINITE_RECURSION = YES;
				CLANG_WARN_INT_CONVERSION = YES;
				CLANG_WARN_NON_LITERAL_NULL_CONVERSION = YES;
				CLANG_WARN_OBJC_IMPLICIT_RETAIN_SELF = YES;
				CLANG_WARN_OBJC_LITERAL_CONVERSION = YES;
				CLANG_WARN_OBJC_ROOT_CLASS = YES_ERROR;
				CLANG_WARN_QUOTED_INCLUDE_IN_FRAMEWORK_HEADER = YES;
				CLANG_WARN_RANGE_LOOP_ANALYSIS = YES;
				CLANG_WARN_STRICT_PROTOTYPES = YES;
				CLANG_WARN_SUSPICIOUS_MOVE = YES;
				CLANG_WARN_UNGUARDED_AVAILABILITY = YES_AGGRESSIVE;
				CLANG_WARN_UNREACHABLE_CODE = YES;
				CLANG_WARN__DUPLICATE_METHOD_MATCH = YES;
				COPY_PHASE_STRIP = NO;
				DEBUG_INFORMATION_FORMAT = "dwarf-with-dsym";
				ENABLE_NS_ASSERTIONS = NO;
				ENABLE_STRICT_OBJC_MSGSEND = YES;
				GCC_C_LANGUAGE_STANDARD = gnu11;
				GCC_NO_COMMON_BLOCKS = YES;
				GCC_WARN_64_TO_32_BIT_CONVERSION = YES;
				GCC_WARN_ABOUT_RETURN_TYPE = YES_ERROR;
				GCC_WARN_UNDECLARED_SELECTOR = YES;
				GCC_WARN_UNINITIALIZED_AUTOS = YES_AGGRESSIVE;
				GCC_WARN_UNUSED_FUNCTION = YES;
				GCC_WARN_UNUSED_VARIABLE = YES;
				IPHONEOS_DEPLOYMENT_TARGET = 16.1;
				MTL_ENABLE_DEBUG_INFO = NO;
				MTL_FAST_MATH = YES;
				SDKROOT = iphoneos;
				SWIFT_COMPILATION_MODE = wholemodule;
				SWIFT_OPTIMIZATION_LEVEL = "-O";
				VALIDATE_PRODUCT = YES;
			};
			name = Release;
		};
		F62FB3C129548E6F003CA7DB /* Debug */ = {
			isa = XCBuildConfiguration;
			buildSettings = {
				ASSETCATALOG_COMPILER_APPICON_NAME = AppIcon;
				ASSETCATALOG_COMPILER_GLOBAL_ACCENT_COLOR_NAME = AccentColor;
				CODE_SIGN_STYLE = Automatic;
				CURRENT_PROJECT_VERSION = 1;
				DEVELOPMENT_TEAM = 89F658T2GJ;
				GENERATE_INFOPLIST_FILE = YES;
				INFOPLIST_FILE = ToDoList/Info.plist;
				INFOPLIST_KEY_UIApplicationSupportsIndirectInputEvents = YES;
				INFOPLIST_KEY_UILaunchStoryboardName = LaunchScreen;
				INFOPLIST_KEY_UISupportedInterfaceOrientations_iPad = "UIInterfaceOrientationPortrait UIInterfaceOrientationPortraitUpsideDown UIInterfaceOrientationLandscapeLeft UIInterfaceOrientationLandscapeRight";
				INFOPLIST_KEY_UISupportedInterfaceOrientations_iPhone = "UIInterfaceOrientationPortrait UIInterfaceOrientationLandscapeLeft UIInterfaceOrientationLandscapeRight";
				LD_RUNPATH_SEARCH_PATHS = (
					"$(inherited)",
					"@executable_path/Frameworks",
				);
				MARKETING_VERSION = 1.0;
				PRODUCT_BUNDLE_IDENTIFIER = com.jonas.ToDoList;
				PRODUCT_NAME = "$(TARGET_NAME)";
				SWIFT_EMIT_LOC_STRINGS = YES;
				SWIFT_VERSION = 5.0;
				TARGETED_DEVICE_FAMILY = "1,2";
			};
			name = Debug;
		};
		F62FB3C229548E6F003CA7DB /* Release */ = {
			isa = XCBuildConfiguration;
			buildSettings = {
				ASSETCATALOG_COMPILER_APPICON_NAME = AppIcon;
				ASSETCATALOG_COMPILER_GLOBAL_ACCENT_COLOR_NAME = AccentColor;
				CODE_SIGN_STYLE = Automatic;
				CURRENT_PROJECT_VERSION = 1;
				DEVELOPMENT_TEAM = 89F658T2GJ;
				GENERATE_INFOPLIST_FILE = YES;
				INFOPLIST_FILE = ToDoList/Info.plist;
				INFOPLIST_KEY_UIApplicationSupportsIndirectInputEvents = YES;
				INFOPLIST_KEY_UILaunchStoryboardName = LaunchScreen;
				INFOPLIST_KEY_UISupportedInterfaceOrientations_iPad = "UIInterfaceOrientationPortrait UIInterfaceOrientationPortraitUpsideDown UIInterfaceOrientationLandscapeLeft UIInterfaceOrientationLandscapeRight";
				INFOPLIST_KEY_UISupportedInterfaceOrientations_iPhone = "UIInterfaceOrientationPortrait UIInterfaceOrientationLandscapeLeft UIInterfaceOrientationLandscapeRight";
				LD_RUNPATH_SEARCH_PATHS = (
					"$(inherited)",
					"@executable_path/Frameworks",
				);
				MARKETING_VERSION = 1.0;
				PRODUCT_BUNDLE_IDENTIFIER = com.jonas.ToDoList;
				PRODUCT_NAME = "$(TARGET_NAME)";
				SWIFT_EMIT_LOC_STRINGS = YES;
				SWIFT_VERSION = 5.0;
				TARGETED_DEVICE_FAMILY = "1,2";
			};
			name = Release;
		};
/* End XCBuildConfiguration section */

/* Begin XCConfigurationList section */
		F62FB3A429548E6F003CA7DB /* Build configuration list for PBXProject "ToDoList" */ = {
			isa = XCConfigurationList;
			buildConfigurations = (
				F62FB3BE29548E6F003CA7DB /* Debug */,
				F62FB3BF29548E6F003CA7DB /* Release */,
			);
			defaultConfigurationIsVisible = 0;
			defaultConfigurationName = Release;
		};
		F62FB3C029548E6F003CA7DB /* Build configuration list for PBXNativeTarget "ToDoList" */ = {
			isa = XCConfigurationList;
			buildConfigurations = (
				F62FB3C129548E6F003CA7DB /* Debug */,
				F62FB3C229548E6F003CA7DB /* Release */,
			);
			defaultConfigurationIsVisible = 0;
			defaultConfigurationName = Release;
		};
/* End XCConfigurationList section */

/* Begin XCVersionGroup section */
		F62FB3B529548E6F003CA7DB /* ToDoList.xcdatamodeld */ = {
			isa = XCVersionGroup;
			children = (
				F62FB3B629548E6F003CA7DB /* ToDoList.xcdatamodel */,
			);
			currentVersion = F62FB3B629548E6F003CA7DB /* ToDoList.xcdatamodel */;
			path = ToDoList.xcdatamodeld;
			sourceTree = "<group>";
			versionGroupType = wrapper.xcdatamodel;
		};
/* End XCVersionGroup section */
	};
	rootObject = F62FB3A129548E6F003CA7DB /* Project object */;
}
